{
  "name": "langlsrw",
  "version": "0.1.0",
  "lockfileVersion": 3,
  "requires": true,
  "packages": {
    "": {
      "name": "langlsrw",
      "version": "0.1.0",
      "devDependencies": {
        "@sqlite.org/sqlite-wasm": "3.51.2-build8",
        "fake-indexeddb": "6.2.5",
        "oauth4webapi": "3.8.8"
      }
    },
    "node_modules/@sqlite.org/sqlite-wasm": {
      "version": "3.51.2-build8",
      "resolved": "https://registry.npmjs.org/@sqlite.org/sqlite-wasm/-/sqlite-wasm-3.51.2-build8.tgz",
      "integrity": "sha512-NvWLTgbqGu1XOLKxePE5Jvc5bzy6QACAQLURQnumSFm0hQms09r2rjMp5i1rvh1DXCe5Rx1FEGcEeQ9BnBB2+Q==",
      "dev": true,
      "license": "Apache-2.0",
      "engines": {
        "node": ">=22"
      }
    },
    "node_modules/fake-indexeddb": {
      "version": "6.2.5",
      "resolved": "https://registry.npmjs.org/fake-indexeddb/-/fake-indexeddb-6.2.5.tgz",
      "integrity": "sha512-CGnyrvbhPlWYMngksqrSSUT1BAVP49dZocrHuK0SvtR0D5TMs5wP0o3j7jexDJW01KSadjBp1M/71o/KR3nD1w==",
      "dev": true,
      "license": "Apache-2.0",
      "engines": {
        "node": ">=18"
      }
    },
    "node_modules/oauth4webapi": {
      "version": "3.8.8",
      "resolved": "https://registry.npmjs.org/oauth4webapi/-/oauth4webapi-3.8.8.tgz",
      "integrity": "sha512-8N28E+a/oxfXWBgOMt+ZP/JUf/XR+IFbvkAEPP3gznXOMv9BpAAwiIj0TFNz3tGTPc0ZQ8zmWBNgN1nAys0gng==",
      "dev": true,
      "license": "MIT",
      "funding": {
        "url": "https://github.com/sponsors/panva"
      }
    }
  }
}
